// !$*UTF8*$!
{
	archiveVersion = 1;
	classes = {
	};
	objectVersion = 77;
	objects = {

/* Begin PBXContainerItemProxy section */
		2E4E7E832E74C94E00B638E0 /* PBXContainerItemProxy */ = {
			isa = PBXContainerItemProxy;
			containerPortal = 2E4E7E6D2E74C94D00B638E0 /* Project object */;
			proxyType = 1;
			remoteGlobalIDString = 2E4E7E742E74C94D00B638E0;
			remoteInfo = timeline;
		};
		2E4E7E8D2E74C94E00B638E0 /* PBXContainerItemProxy */ = {
			isa = PBXContainerItemProxy;
			containerPortal = 2E4E7E6D2E74C94D00B638E0 /* Project object */;
			proxyType = 1;
			remoteGlobalIDString = 2E4E7E742E74C94D00B638E0;
			remoteInfo = timeline;
		};
/* End PBXContainerItemProxy section */

/* Begin PBXFileReference section */
		2E4E7E752E74C94D00B638E0 /* timeline.app */ = {isa = PBXFileReference; explicitFileType = wrapper.application; includeInIndex = 0; path = timeline.app; sourceTree = BUILT_PRODUCTS_DIR; };
		2E4E7E822E74C94E00B638E0 /* timelineTests.xctest */ = {isa = PBXFileReference; explicitFileType = wrapper.cfbundle; includeInIndex = 0; path = timelineTests.xctest; sourceTree = BUILT_PRODUCTS_DIR; };
		2E4E7E8C2E74C94E00B638E0 /* timelineUITests.xctest */ = {isa = PBXFileReference; explicitFileType = wrapper.cfbundle; includeInIndex = 0; path = timelineUITests.xctest; sourceTree = BUILT_PRODUCTS_DIR; };
/* End PBXFileReference section */

/* Begin PBXFileSystemSynchronizedBuildFileExceptionSet section */
		2E1E733A2E91D0D100AFAF78 /* Exceptions for "timeline" folder in "timeline" target */ = {
			isa = PBXFileSystemSynchronizedBuildFileExceptionSet;
			membershipExceptions = (
				Info.plist,
			);
			target = 2E4E7E742E74C94D00B638E0 /* timeline */;
		};
/* End PBXFileSystemSynchronizedBuildFileExceptionSet section */

/* Begin PBXFileSystemSynchronizedRootGroup section */
		2E4E7E772E74C94D00B638E0 /* timeline */ = {
			isa = PBXFileSystemSynchronizedRootGroup;
			exceptions = (
				2E1E733A2E91D0D100AFAF78 /* Exceptions for "timeline" folder in "timeline" target */,
			);
			path = timeline;
			sourceTree = "<group>";
		};
		2E4E7E852E74C94E00B638E0 /* timelineTests */ = {
			isa = PBXFileSystemSynchronizedRootGroup;
			path = timelineTests;
			sourceTree = "<group>";
		};
		2E4E7E8F2E74C94E00B638E0 /* timelineUITests */ = {
			isa = PBXFileSystemSynchronizedRootGroup;
			path = timelineUITests;
			sourceTree = "<group>";
		};
/* End PBXFileSystemSynchronizedRootGroup section */

/* Begin PBXFrameworksBuildPhase section */
		2E4E7E722E74C94D00B638E0 /* Frameworks */ = {
			isa = PBXFrameworksBuildPhase;
			buildActionMask = 2147483647;
			files = (
			);
			runOnlyForDeploymentPostprocessing = 0;
		};
		2E4E7E7F2E74C94E00B638E0 /* Frameworks */ = {
			isa = PBXFrameworksBuildPhase;
			buildActionMask = 2147483647;
			files = (
			);
			runOnlyForDeploymentPostprocessing = 0;
		};
		2E4E7E892E74C94E00B638E0 /* Frameworks */ = {
			isa = PBXFrameworksBuildPhase;
			buildActionMask = 2147483647;
			files = (
			);
			runOnlyForDeploymentPostprocessing = 0;
		};
/* End PBXFrameworksBuildPhase section */

/* Begin PBXGroup section */
		2E4E7E6C2E74C94D00B638E0 = {
			isa = PBXGroup;
			children = (
				2E4E7E772E74C94D00B638E0 /* timeline */,
				2E4E7E852E74C94E00B638E0 /* timelineTests */,
				2E4E7E8F2E74C94E00B638E0 /* timelineUITests */,
				2E4E7E762E74C94D00B638E0 /* Products */,
			);
			sourceTree = "<group>";
		};
		2E4E7E762E74C94D00B638E0 /* Products */ = {
			isa = PBXGroup;
			children = (
				2E4E7E752E74C94D00B638E0 /* timeline.app */,
				2E4E7E822E74C94E00B638E0 /* timelineTests.xctest */,
				2E4E7E8C2E74C94E00B638E0 /* timelineUITests.xctest */,
			);
			name = Products;
			sourceTree = "<group>";
		};
/* End PBXGroup section */

/* Begin PBXNativeTarget section */
		2E4E7E742E74C94D00B638E0 /* timeline */ = {
			isa = PBXNativeTarget;
			buildConfigurationList = 2E4E7E962E74C94E00B638E0 /* Build configuration list for PBXNativeTarget "timeline" */;
			buildPhases = (
				2E4E7E712E74C94D00B638E0 /* Sources */,
				2E4E7E722E74C94D00B638E0 /* Frameworks */,
				2E4E7E732E74C94D00B638E0 /* Resources */,
			);
			buildRules = (
			);
			dependencies = (
			);
			fileSystemSynchronizedGroups = (
				2E4E7E772E74C94D00B638E0 /* timeline */,
			);
			name = timeline;
			packageProductDependencies = (
			);
			productName = timeline;
			productReference = 2E4E7E752E74C94D00B638E0 /* timeline.app */;
			productType = "com.apple.product-type.application";
		};
		2E4E7E812E74C94E00B638E0 /* timelineTests */ = {
			isa = PBXNativeTarget;
			buildConfigurationList = 2E4E7E992E74C94E00B638E0 /* Build configuration list for PBXNativeTarget "timelineTests" */;
			buildPhases = (
				2E4E7E7E2E74C94E00B638E0 /* Sources */,
				2E4E7E7F2E74C94E00B638E0 /* Frameworks */,
				2E4E7E802E74C94E00B638E0 /* Resources */,
			);
			buildRules = (
			);
			dependencies = (
				2E4E7E842E74C94E00B638E0 /* PBXTargetDependency */,
			);
			fileSystemSynchronizedGroups = (
				2E4E7E852E74C94E00B638E0 /* timelineTests */,
			);
			name = timelineTests;
			packageProductDependencies = (
			);
			productName = timelineTests;
			productReference = 2E4E7E822E74C94E00B638E0 /* timelineTests.xctest */;
			productType = "com.apple.product-type.bundle.unit-test";
		};
		2E4E7E8B2E74C94E00B638E0 /* timelineUITests */ = {
			isa = PBXNativeTarget;
			buildConfigurationList = 2E4E7E9C2E74C94E00B638E0 /* Build configuration list for PBXNativeTarget "timelineUITests" */;
			buildPhases = (
				2E4E7E882E74C94E00B638E0 /* Sources */,
				2E4E7E892E74C94E00B638E0 /* Frameworks */,
				2E4E7E8A2E74C94E00B638E0 /* Resources */,
			);
			buildRules = (
			);
			dependencies = (
				2E4E7E8E2E74C94E00B638E0 /* PBXTargetDependency */,
			);
			fileSystemSynchronizedGroups = (
				2E4E7E8F2E74C94E00B638E0 /* timelineUITests */,
			);
			name = timelineUITests;
			packageProductDependencies = (
			);
			productName = timelineUITests;
			productReference = 2E4E7E8C2E74C94E00B638E0 /* timelineUITests.xctest */;
			productType = "com.apple.product-type.bundle.ui-testing";
		};
/* End PBXNativeTarget section */

/* Begin PBXProject section */
		2E4E7E6D2E74C94D00B638E0 /* Project object */ = {
			isa = PBXProject;
			attributes = {
				BuildIndependentTargetsInParallel = 1;
				LastSwiftUpdateCheck = 2600;
				LastUpgradeCheck = 2600;
				TargetAttributes = {
					2E4E7E742E74C94D00B638E0 = {
						CreatedOnToolsVersion = 26.0;
					};
					2E4E7E812E74C94E00B638E0 = {
						CreatedOnToolsVersion = 26.0;
						TestTargetID = 2E4E7E742E74C94D00B638E0;
					};
					2E4E7E8B2E74C94E00B638E0 = {
						CreatedOnToolsVersion = 26.0;
						TestTargetID = 2E4E7E742E74C94D00B638E0;
					};
				};
			};
			buildConfigurationList = 2E4E7E702E74C94D00B638E0 /* Build configuration list for PBXProject "timeline" */;
			developmentRegion = en;
			hasScannedForEncodings = 0;
			knownRegions = (
				en,
				Base,
			);
			mainGroup = 2E4E7E6C2E74C94D00B638E0;
			minimizedProjectReferenceProxies = 1;
			preferredProjectObjectVersion = 77;
			productRefGroup = 2E4E7E762E74C94D00B638E0 /* Products */;
			projectDirPath = "";
			projectRoot = "";
			targets = (
				2E4E7E742E74C94D00B638E0 /* timeline */,
				2E4E7E812E74C94E00B638E0 /* timelineTests */,
				2E4E7E8B2E74C94E00B638E0 /* timelineUITests */,
			);
		};
/* End PBXProject section */

/* Begin PBXResourcesBuildPhase section */
		2E4E7E732E74C94D00B638E0 /* Resources */ = {
			isa = PBXResourcesBuildPhase;
			buildActionMask = 2147483647;
			files = (
			);
			runOnlyForDeploymentPostprocessing = 0;
		};
		2E4E7E802E74C94E00B638E0 /* Resources */ = {
			isa = PBXResourcesBuildPhase;
			buildActionMask = 2147483647;
			files = (
			);
			runOnlyForDeploymentPostprocessing = 0;
		};
		2E4E7E8A2E74C94E00B638E0 /* Resources */ = {
			isa = PBXResourcesBuildPhase;
			buildActionMask = 2147483647;
			files = (
			);
			runOnlyForDeploymentPostprocessing = 0;
		};
/* End PBXResourcesBuildPhase section */

/* Begin PBXSourcesBuildPhase section */
		2E4E7E712E74C94D00B638E0 /* Sources */ = {
			isa = PBXSourcesBuildPhase;
			buildActionMask = 2147483647;
			files = (
			);
			runOnlyForDeploymentPostprocessing = 0;
		};
		2E4E7E7E2E74C94E00B638E0 /* Sources */ = {
			isa = PBXSourcesBuildPhase;
			buildActionMask = 2147483647;
			files = (
			);
			runOnlyForDeploymentPostprocessing = 0;
		};
		2E4E7E882E74C94E00B638E0 /* Sources */ = {
			isa = PBXSourcesBuildPhase;
			buildActionMask = 2147483647;
			files = (
			);
			runOnlyForDeploymentPostprocessing = 0;
		};
/* End PBXSourcesBuildPhase section */

/* Begin PBXTargetDependency section */
		2E4E7E842E74C94E00B638E0 /* PBXTargetDependency */ = {
			isa = PBXTargetDependency;
			target = 2E4E7E742E74C94D00B638E0 /* timeline */;
			targetProxy = 2E4E7E832E74C94E00B638E0 /* PBXContainerItemProxy */;
		};
		2E4E7E8E2E74C94E00B638E0 /* PBXTargetDependency */ = {
			isa = PBXTargetDependency;
			target = 2E4E7E742E74C94D00B638E0 /* timeline */;
			targetProxy = 2E4E7E8D2E74C94E00B638E0 /* PBXContainerItemProxy */;
		};
/* End PBXTargetDependency section */

/* Begin XCBuildConfiguration section */
		2E4E7E942E74C94E00B638E0 /* Debug */ = {
			isa = XCBuildConfiguration;
			buildSettings = {
				ALWAYS_SEARCH_USER_PATHS = NO;
				ASSETCATALOG_COMPILER_GENERATE_SWIFT_ASSET_SYMBOL_EXTENSIONS = YES;
				CLANG_ANALYZER_NONNULL = YES;
				CLANG_ANALYZER_NUMBER_OBJECT_CONVERSION = YES_AGGRESSIVE;
				CLANG_CXX_LANGUAGE_STANDARD = "gnu++20";
				CLANG_ENABLE_MODULES = YES;
				CLANG_ENABLE_OBJC_ARC = YES;
				CLANG_ENABLE_OBJC_WEAK = YES;
				CLANG_WARN_BLOCK_CAPTURE_AUTORELEASING = YES;
				CLANG_WARN_BOOL_CONVERSION = YES;
				CLANG_WARN_COMMA = YES;
				CLANG_WARN_CONSTANT_CONVERSION = YES;
				CLANG_WARN_DEPRECATED_OBJC_IMPLEMENTATIONS = YES;
				CLANG_WARN_DIRECT_OBJC_ISA_USAGE = YES_ERROR;
				CLANG_WARN_DOCUMENTATION_COMMENTS = YES;
				CLANG_WARN_EMPTY_BODY = YES;
				CLANG_WARN_ENUM_CONVERSION = YES;
				CLANG_WARN_INFINITE_RECURSION = YES;
				CLANG_WARN_INT_CONVERSION = YES;
				CLANG_WARN_NON_LITERAL_NULL_CONVERSION = YES;
				CLANG_WARN_OBJC_IMPLICIT_RETAIN_SELF = YES;
				CLANG_WARN_OBJC_LITERAL_CONVERSION = YES;
				CLANG_WARN_OBJC_ROOT_CLASS = YES_ERROR;
				CLANG_WARN_QUOTED_INCLUDE_IN_FRAMEWORK_HEADER = YES;
				CLANG_WARN_RANGE_LOOP_ANALYSIS = YES;
				CLANG_WARN_STRICT_PROTOTYPES = YES;
				CLANG_WARN_SUSPICIOUS_MOVE = YES;
				CLANG_WARN_UNGUARDED_AVAILABILITY = YES_AGGRESSIVE;
				CLANG_WARN_UNREACHABLE_CODE = YES;
				CLANG_WARN__DUPLICATE_METHOD_MATCH = YES;
				COPY_PHASE_STRIP = NO;
				DEBUG_INFORMATION_FORMAT = dwarf;
				DEVELOPMENT_TEAM = 5Y4GDX9HSY;
				ENABLE_STRICT_OBJC_MSGSEND = YES;
				ENABLE_TESTABILITY = YES;
				ENABLE_USER_SCRIPT_SANDBOXING = YES;
				GCC_C_LANGUAGE_STANDARD = gnu17;
				GCC_DYNAMIC_NO_PIC = NO;
				GCC_NO_COMMON_BLOCKS = YES;
				GCC_OPTIMIZATION_LEVEL = 0;
				GCC_PREPROCESSOR_DEFINITIONS = (
					"DEBUG=1",
					"$(inherited)",
				);
				GCC_WARN_64_TO_32_BIT_CONVERSION = YES;
				GCC_WARN_ABOUT_RETURN_TYPE = YES_ERROR;
				GCC_WARN_UNDECLARED_SELECTOR = YES;
				GCC_WARN_UNINITIALIZED_AUTOS = YES_AGGRESSIVE;
				GCC_WARN_UNUSED_FUNCTION = YES;
				GCC_WARN_UNUSED_VARIABLE = YES;
				IPHONEOS_DEPLOYMENT_TARGET = 26.0;
				LOCALIZATION_PREFERS_STRING_CATALOGS = YES;
				MTL_ENABLE_DEBUG_INFO = INCLUDE_SOURCE;
				MTL_FAST_MATH = YES;
				ONLY_ACTIVE_ARCH = YES;
				SDKROOT = iphoneos;
				SWIFT_ACTIVE_COMPILATION_CONDITIONS = "DEBUG $(inherited)";
				SWIFT_OPTIMIZATION_LEVEL = "-Onone";
			};
			name = Debug;
		};
		2E4E7E952E74C94E00B638E0 /* Release */ = {
			isa = XCBuildConfiguration;
			buildSettings = {
				ALWAYS_SEARCH_USER_PATHS = NO;
				ASSETCATALOG_COMPILER_GENERATE_SWIFT_ASSET_SYMBOL_EXTENSIONS = YES;
				CLANG_ANALYZER_NONNULL = YES;
				CLANG_ANALYZER_NUMBER_OBJECT_CONVERSION = YES_AGGRESSIVE;
				CLANG_CXX_LANGUAGE_STANDARD = "gnu++20";
				CLANG_ENABLE_MODULES = YES;
				CLANG_ENABLE_OBJC_ARC = YES;
				CLANG_ENABLE_OBJC_WEAK = YES;
				CLANG_WARN_BLOCK_CAPTURE_AUTORELEASING = YES;
				CLANG_WARN_BOOL_CONVERSION = YES;
				CLANG_WARN_COMMA = YES;
				CLANG_WARN_CONSTANT_CONVERSION = YES;
				CLANG_WARN_DEPRECATED_OBJC_IMPLEMENTATIONS = YES;
				CLANG_WARN_DIRECT_OBJC_ISA_USAGE = YES_ERROR;
				CLANG_WARN_DOCUMENTATION_COMMENTS = YES;
				CLANG_WARN_EMPTY_BODY = YES;
				CLANG_WARN_ENUM_CONVERSION = YES;
				CLANG_WARN_INFINITE_RECURSION = YES;
				CLANG_WARN_INT_CONVERSION = YES;
				CLANG_WARN_NON_LITERAL_NULL_CONVERSION = YES;
				CLANG_WARN_OBJC_IMPLICIT_RETAIN_SELF = YES;
				CLANG_WARN_OBJC_LITERAL_CONVERSION = YES;
				CLANG_WARN_OBJC_ROOT_CLASS = YES_ERROR;
				CLANG_WARN_QUOTED_INCLUDE_IN_FRAMEWORK_HEADER = YES;
				CLANG_WARN_RANGE_LOOP_ANALYSIS = YES;
				CLANG_WARN_STRICT_PROTOTYPES = YES;
				CLANG_WARN_SUSPICIOUS_MOVE = YES;
				CLANG_WARN_UNGUARDED_AVAILABILITY = YES_AGGRESSIVE;
				CLANG_WARN_UNREACHABLE_CODE = YES;
				CLANG_WARN__DUPLICATE_METHOD_MATCH = YES;
				COPY_PHASE_STRIP = NO;
				DEBUG_INFORMATION_FORMAT = "dwarf-with-dsym";
				DEVELOPMENT_TEAM = 5Y4GDX9HSY;
				ENABLE_NS_ASSERTIONS = NO;
				ENABLE_STRICT_OBJC_MSGSEND = YES;
				ENABLE_USER_SCRIPT_SANDBOXING = YES;
				GCC_C_LANGUAGE_STANDARD = gnu17;
				GCC_NO_COMMON_BLOCKS = YES;
				GCC_WARN_64_TO_32_BIT_CONVERSION = YES;
				GCC_WARN_ABOUT_RETURN_TYPE = YES_ERROR;
				GCC_WARN_UNDECLARED_SELECTOR = YES;
				GCC_WARN_UNINITIALIZED_AUTOS = YES_AGGRESSIVE;
				GCC_WARN_UNUSED_FUNCTION = YES;
				GCC_WARN_UNUSED_VARIABLE = YES;
				IPHONEOS_DEPLOYMENT_TARGET = 26.0;
				LOCALIZATION_PREFERS_STRING_CATALOGS = YES;
				MTL_ENABLE_DEBUG_INFO = NO;
				MTL_FAST_MATH = YES;
				SDKROOT = iphoneos;
				SWIFT_COMPILATION_MODE = wholemodule;
				VALIDATE_PRODUCT = YES;
			};
			name = Release;
		};
		2E4E7E972E74C94E00B638E0 /* Debug */ = {
			isa = XCBuildConfiguration;
			buildSettings = {
				ASSETCATALOG_COMPILER_APPICON_NAME = "timeline-icon";
				ASSETCATALOG_COMPILER_GLOBAL_ACCENT_COLOR_NAME = AccentColor;
				ASSETCATALOG_COMPILER_INCLUDE_ALL_APPICON_ASSETS = NO;
				CODE_SIGN_STYLE = Automatic;
				CURRENT_PROJECT_VERSION = 1;
				DEVELOPMENT_TEAM = 5Y4GDX9HSY;
				ENABLE_PREVIEWS = YES;
				GENERATE_INFOPLIST_FILE = YES;
				INFOPLIST_FILE = timeline/Info.plist;
				INFOPLIST_KEY_CFBundleDisplayName = "Timeline for iOS";
				INFOPLIST_KEY_NSLocationAlwaysAndWhenInUseUsageDescription = "We use your location to tag timeline entries with where they happened.";
				INFOPLIST_KEY_NSLocationUsageDescription = "We use your location to tag timeline entries with where they happened.";
				INFOPLIST_KEY_NSLocationWhenInUseUsageDescription = "We use your location to tag timeline entries with where they happened.";
				INFOPLIST_KEY_UIApplicationSceneManifest_Generation = YES;
				INFOPLIST_KEY_UIApplicationSupportsIndirectInputEvents = YES;
				INFOPLIST_KEY_UILaunchScreen_Generation = YES;
				INFOPLIST_KEY_UISupportedInterfaceOrientations = "UIInterfaceOrientationPortrait UIInterfaceOrientationPortraitUpsideDown";
				LD_RUNPATH_SEARCH_PATHS = (
					"$(inherited)",
					"@executable_path/Frameworks",
				);
				MARKETING_VERSION = 1.0;
				PRODUCT_BUNDLE_IDENTIFIER = com.colepatterson.timeline;
				PRODUCT_NAME = "$(TARGET_NAME)";
				STRING_CATALOG_GENERATE_SYMBOLS = YES;
				SWIFT_APPROACHABLE_CONCURRENCY = YES;
				SWIFT_DEFAULT_ACTOR_ISOLATION = MainActor;
				SWIFT_EMIT_LOC_STRINGS = YES;
				SWIFT_UPCOMING_FEATURE_MEMBER_IMPORT_VISIBILITY = YES;
				SWIFT_VERSION = 5.0;
				TARGETED_DEVICE_FAMILY = "1,2";
			};
			name = Debug;
		};
		2E4E7E982E74C94E00B638E0 /* Release */ = {
			isa = XCBuildConfiguration;
			buildSettings = {
				ASSETCATALOG_COMPILER_APPICON_NAME = "timeline-icon";
				ASSETCATALOG_COMPILER_GLOBAL_ACCENT_COLOR_NAME = AccentColor;
				ASSETCATALOG_COMPILER_INCLUDE_ALL_APPICON_ASSETS = NO;
				CODE_SIGN_STYLE = Automatic;
				CURRENT_PROJECT_VERSION = 1;
				DEVELOPMENT_TEAM = 5Y4GDX9HSY;
				ENABLE_PREVIEWS = YES;
				GENERATE_INFOPLIST_FILE = YES;
				INFOPLIST_FILE = timeline/Info.plist;
				INFOPLIST_KEY_CFBundleDisplayName = "Timeline for iOS";
				INFOPLIST_KEY_NSLocationAlwaysAndWhenInUseUsageDescription = "We use your location to tag timeline entries with where they happened.";
				INFOPLIST_KEY_NSLocationUsageDescription = "We use your location to tag timeline entries with where they happened.";
				INFOPLIST_KEY_NSLocationWhenInUseUsageDescription = "We use your location to tag timeline entries with where they happened.";
				INFOPLIST_KEY_UIApplicationSceneManifest_Generation = YES;
				INFOPLIST_KEY_UIApplicationSupportsIndirectInputEvents = YES;
				INFOPLIST_KEY_UILaunchScreen_Generation = YES;
				INFOPLIST_KEY_UISupportedInterfaceOrientations = "UIInterfaceOrientationPortrait UIInterfaceOrientationPortraitUpsideDown";
				LD_RUNPATH_SEARCH_PATHS = (
					"$(inherited)",
					"@executable_path/Frameworks",
				);
				MARKETING_VERSION = 1.0;
				PRODUCT_BUNDLE_IDENTIFIER = com.colepatterson.timeline;
				PRODUCT_NAME = "$(TARGET_NAME)";
				STRING_CATALOG_GENERATE_SYMBOLS = YES;
				SWIFT_APPROACHABLE_CONCURRENCY = YES;
				SWIFT_DEFAULT_ACTOR_ISOLATION = MainActor;
				SWIFT_EMIT_LOC_STRINGS = YES;
				SWIFT_UPCOMING_FEATURE_MEMBER_IMPORT_VISIBILITY = YES;
				SWIFT_VERSION = 5.0;
				TARGETED_DEVICE_FAMILY = "1,2";
			};
			name = Release;
		};
		2E4E7E9A2E74C94E00B638E0 /* Debug */ = {
			isa = XCBuildConfiguration;
			buildSettings = {
				BUNDLE_LOADER = "$(TEST_HOST)";
				CODE_SIGN_STYLE = Automatic;
				CURRENT_PROJECT_VERSION = 1;
				DEVELOPMENT_TEAM = 5Y4GDX9HSY;
				GENERATE_INFOPLIST_FILE = YES;
				IPHONEOS_DEPLOYMENT_TARGET = 26.0;
				MARKETING_VERSION = 1.0;
				PRODUCT_BUNDLE_IDENTIFIER = com.colepatterson.timelineTests;
				PRODUCT_NAME = "$(TARGET_NAME)";
				STRING_CATALOG_GENERATE_SYMBOLS = NO;
				SWIFT_APPROACHABLE_CONCURRENCY = YES;
				SWIFT_EMIT_LOC_STRINGS = NO;
				SWIFT_UPCOMING_FEATURE_MEMBER_IMPORT_VISIBILITY = YES;
				SWIFT_VERSION = 5.0;
				TARGETED_DEVICE_FAMILY = "1,2";
				TEST_HOST = "$(BUILT_PRODUCTS_DIR)/timeline.app/$(BUNDLE_EXECUTABLE_FOLDER_PATH)/timeline";
			};
			name = Debug;
		};
		2E4E7E9B2E74C94E00B638E0 /* Release */ = {
			isa = XCBuildConfiguration;
			buildSettings = {
				BUNDLE_LOADER = "$(TEST_HOST)";
				CODE_SIGN_STYLE = Automatic;
				CURRENT_PROJECT_VERSION = 1;
				DEVELOPMENT_TEAM = 5Y4GDX9HSY;
				GENERATE_INFOPLIST_FILE = YES;
				IPHONEOS_DEPLOYMENT_TARGET = 26.0;
				MARKETING_VERSION = 1.0;
				PRODUCT_BUNDLE_IDENTIFIER = com.colepatterson.timelineTests;
				PRODUCT_NAME = "$(TARGET_NAME)";
				STRING_CATALOG_GENERATE_SYMBOLS = NO;
				SWIFT_APPROACHABLE_CONCURRENCY = YES;
				SWIFT_EMIT_LOC_STRINGS = NO;
				SWIFT_UPCOMING_FEATURE_MEMBER_IMPORT_VISIBILITY = YES;
				SWIFT_VERSION = 5.0;
				TARGETED_DEVICE_FAMILY = "1,2";
				TEST_HOST = "$(BUILT_PRODUCTS_DIR)/timeline.app/$(BUNDLE_EXECUTABLE_FOLDER_PATH)/timeline";
			};
			name = Release;
		};
		2E4E7E9D2E74C94E00B638E0 /* Debug */ = {
			isa = XCBuildConfiguration;
			buildSettings = {
				CODE_SIGN_STYLE = Automatic;
				CURRENT_PROJECT_VERSION = 1;
				DEVELOPMENT_TEAM = 5Y4GDX9HSY;
				GENERATE_INFOPLIST_FILE = YES;
				MARKETING_VERSION = 1.0;
				PRODUCT_BUNDLE_IDENTIFIER = com.colepatterson.timelineUITests;
				PRODUCT_NAME = "$(TARGET_NAME)";
				STRING_CATALOG_GENERATE_SYMBOLS = NO;
				SWIFT_APPROACHABLE_CONCURRENCY = YES;
				SWIFT_EMIT_LOC_STRINGS = NO;
				SWIFT_UPCOMING_FEATURE_MEMBER_IMPORT_VISIBILITY = YES;
				SWIFT_VERSION = 5.0;
				TARGETED_DEVICE_FAMILY = "1,2";
				TEST_TARGET_NAME = timeline;
			};
			name = Debug;
		};
		2E4E7E9E2E74C94E00B638E0 /* Release */ = {
			isa = XCBuildConfiguration;
			buildSettings = {
				CODE_SIGN_STYLE = Automatic;
				CURRENT_PROJECT_VERSION = 1;
				DEVELOPMENT_TEAM = 5Y4GDX9HSY;
				GENERATE_INFOPLIST_FILE = YES;
				MARKETING_VERSION = 1.0;
				PRODUCT_BUNDLE_IDENTIFIER = com.colepatterson.timelineUITests;
				PRODUCT_NAME = "$(TARGET_NAME)";
				STRING_CATALOG_GENERATE_SYMBOLS = NO;
				SWIFT_APPROACHABLE_CONCURRENCY = YES;
				SWIFT_EMIT_LOC_STRINGS = NO;
				SWIFT_UPCOMING_FEATURE_MEMBER_IMPORT_VISIBILITY = YES;
				SWIFT_VERSION = 5.0;
				TARGETED_DEVICE_FAMILY = "1,2";
				TEST_TARGET_NAME = timeline;
			};
			name = Release;
		};
/* End XCBuildConfiguration section */

/* Begin XCConfigurationList section */
		2E4E7E702E74C94D00B638E0 /* Build configuration list for PBXProject "timeline" */ = {
			isa = XCConfigurationList;
			buildConfigurations = (
				2E4E7E942E74C94E00B638E0 /* Debug */,
				2E4E7E952E74C94E00B638E0 /* Release */,
			);
			defaultConfigurationIsVisible = 0;
			defaultConfigurationName = Release;
		};
		2E4E7E962E74C94E00B638E0 /* Build configuration list for PBXNativeTarget "timeline" */ = {
			isa = XCConfigurationList;
			buildConfigurations = (
				2E4E7E972E74C94E00B638E0 /* Debug */,
				2E4E7E982E74C94E00B638E0 /* Release */,
			);
			defaultConfigurationIsVisible = 0;
			defaultConfigurationName = Release;
		};
		2E4E7E992E74C94E00B638E0 /* Build configuration list for PBXNativeTarget "timelineTests" */ = {
			isa = XCConfigurationList;
			buildConfigurations = (
				2E4E7E9A2E74C94E00B638E0 /* Debug */,
				2E4E7E9B2E74C94E00B638E0 /* Release */,
			);
			defaultConfigurationIsVisible = 0;
			defaultConfigurationName = Release;
		};
		2E4E7E9C2E74C94E00B638E0 /* Build configuration list for PBXNativeTarget "timelineUITests" */ = {
			isa = XCConfigurationList;
			buildConfigurations = (
				2E4E7E9D2E74C94E00B638E0 /* Debug */,
				2E4E7E9E2E74C94E00B638E0 /* Release */,
			);
			defaultConfigurationIsVisible = 0;
			defaultConfigurationName = Release;
		};
/* End XCConfigurationList section */
	};
	rootObject = 2E4E7E6D2E74C94D00B638E0 /* Project object */;
}
